// !$*UTF8*$!
{
	archiveVersion = 1;
	classes = {
	};
	objectVersion = 55;
	objects = {

/* Begin PBXBuildFile section */
		0890996628855F29000C7960 /* ClimateView.swift in Sources */ = {isa = PBXBuildFile; fileRef = 0890996528855F29000C7960 /* ClimateView.swift */; };
		08B71AD42886422C008D120F /* Utils.swift in Sources */ = {isa = PBXBuildFile; fileRef = 08B71AD32886422C008D120F /* Utils.swift */; };
		08B71AD6288642B8008D120F /* CustomSlider.swift in Sources */ = {isa = PBXBuildFile; fileRef = 08B71AD5288642B8008D120F /* CustomSlider.swift */; };
		08B71ADB288649D7008D120F /* Sliders in Frameworks */ = {isa = PBXBuildFile; productRef = 08B71ADA288649D7008D120F /* Sliders */; };
		08B71ADD288688DA008D120F /* ControlComponents.swift in Sources */ = {isa = PBXBuildFile; fileRef = 08B71ADC288688DA008D120F /* ControlComponents.swift */; };
		08CC3D842882958A002DDBCA /* TeslaAppApp.swift in Sources */ = {isa = PBXBuildFile; fileRef = 08CC3D832882958A002DDBCA /* TeslaAppApp.swift */; };
		08CC3D862882958A002DDBCA /* ContentView.swift in Sources */ = {isa = PBXBuildFile; fileRef = 08CC3D852882958A002DDBCA /* ContentView.swift */; };
		08CC3D882882958C002DDBCA /* Assets.xcassets in Resources */ = {isa = PBXBuildFile; fileRef = 08CC3D872882958C002DDBCA /* Assets.xcassets */; };
		08CC3D8B2882958C002DDBCA /* Preview Assets.xcassets in Resources */ = {isa = PBXBuildFile; fileRef = 08CC3D8A2882958C002DDBCA /* Preview Assets.xcassets */; };
		08CC3D96288296B5002DDBCA /* Extensions.swift in Sources */ = {isa = PBXBuildFile; fileRef = 08CC3D95288296B5002DDBCA /* Extensions.swift */; };
		08CC3D98288296C8002DDBCA /* Shapes.swift in Sources */ = {isa = PBXBuildFile; fileRef = 08CC3D97288296C8002DDBCA /* Shapes.swift */; };
		08CC3D9A2882970E002DDBCA /* ActionModel.swift in Sources */ = {isa = PBXBuildFile; fileRef = 08CC3D992882970E002DDBCA /* ActionModel.swift */; };
		08CC3D9C2882974D002DDBCA /* ControlsView.swift in Sources */ = {isa = PBXBuildFile; fileRef = 08CC3D9B2882974D002DDBCA /* ControlsView.swift */; };
		08CC3D9E28829758002DDBCA /* LocationView.swift in Sources */ = {isa = PBXBuildFile; fileRef = 08CC3D9D28829758002DDBCA /* LocationView.swift */; };
		08CC3DA028829783002DDBCA /* Blur.swift in Sources */ = {isa = PBXBuildFile; fileRef = 08CC3D9F28829782002DDBCA /* Blur.swift */; };
		08CC3DA2288297B3002DDBCA /* HomeComponents.swift in Sources */ = {isa = PBXBuildFile; fileRef = 08CC3DA1288297B3002DDBCA /* HomeComponents.swift */; };
		08CC3DA4288298A6002DDBCA /* ActionComponents.swift in Sources */ = {isa = PBXBuildFile; fileRef = 08CC3DA3288298A6002DDBCA /* ActionComponents.swift */; };
		08CC3DA8288299B0002DDBCA /* LocationComponents.swift in Sources */ = {isa = PBXBuildFile; fileRef = 08CC3DA7288299B0002DDBCA /* LocationComponents.swift */; };
		08CFA7F02884FEB40042EB92 /* SettingsView.swift in Sources */ = {isa = PBXBuildFile; fileRef = 08CFA7EF2884FEB40042EB92 /* SettingsView.swift */; };
		08CFA7F22884FF790042EB92 /* LockView.swift in Sources */ = {isa = PBXBuildFile; fileRef = 08CFA7F12884FF790042EB92 /* LockView.swift */; };
/* End PBXBuildFile section */

/* Begin PBXFileReference section */
		0890996528855F29000C7960 /* ClimateView.swift */ = {isa = PBXFileReference; lastKnownFileType = sourcecode.swift; path = ClimateView.swift; sourceTree = "<group>"; };
		08B71AD32886422C008D120F /* Utils.swift */ = {isa = PBXFileReference; lastKnownFileType = sourcecode.swift; path = Utils.swift; sourceTree = "<group>"; };
		08B71AD5288642B8008D120F /* CustomSlider.swift */ = {isa = PBXFileReference; lastKnownFileType = sourcecode.swift; path = CustomSlider.swift; sourceTree = "<group>"; };
		08B71ADC288688DA008D120F /* ControlComponents.swift */ = {isa = PBXFileReference; lastKnownFileType = sourcecode.swift; path = ControlComponents.swift; sourceTree = "<group>"; };
		08CC3D802882958A002DDBCA /* TeslaApp.app */ = {isa = PBXFileReference; explicitFileType = wrapper.application; includeInIndex = 0; path = TeslaApp.app; sourceTree = BUILT_PRODUCTS_DIR; };
		08CC3D832882958A002DDBCA /* TeslaAppApp.swift */ = {isa = PBXFileReference; lastKnownFileType = sourcecode.swift; path = TeslaAppApp.swift; sourceTree = "<group>"; };
		08CC3D852882958A002DDBCA /* ContentView.swift */ = {isa = PBXFileReference; lastKnownFileType = sourcecode.swift; path = ContentView.swift; sourceTree = "<group>"; };
		08CC3D872882958C002DDBCA /* Assets.xcassets */ = {isa = PBXFileReference; lastKnownFileType = folder.assetcatalog; path = Assets.xcassets; sourceTree = "<group>"; };
		08CC3D8A2882958C002DDBCA /* Preview Assets.xcassets */ = {isa = PBXFileReference; lastKnownFileType = folder.assetcatalog; path = "Preview Assets.xcassets"; sourceTree = "<group>"; };
		08CC3D95288296B5002DDBCA /* Extensions.swift */ = {isa = PBXFileReference; lastKnownFileType = sourcecode.swift; path = Extensions.swift; sourceTree = "<group>"; };
		08CC3D97288296C8002DDBCA /* Shapes.swift */ = {isa = PBXFileReference; lastKnownFileType = sourcecode.swift; path = Shapes.swift; sourceTree = "<group>"; };
		08CC3D992882970E002DDBCA /* ActionModel.swift */ = {isa = PBXFileReference; lastKnownFileType = sourcecode.swift; path = ActionModel.swift; sourceTree = "<group>"; };
		08CC3D9B2882974D002DDBCA /* ControlsView.swift */ = {isa = PBXFileReference; lastKnownFileType = sourcecode.swift; path = ControlsView.swift; sourceTree = "<group>"; };
		08CC3D9D28829758002DDBCA /* LocationView.swift */ = {isa = PBXFileReference; lastKnownFileType = sourcecode.swift; path = LocationView.swift; sourceTree = "<group>"; };
		08CC3D9F28829782002DDBCA /* Blur.swift */ = {isa = PBXFileReference; lastKnownFileType = sourcecode.swift; path = Blur.swift; sourceTree = "<group>"; };
		08CC3DA1288297B3002DDBCA /* HomeComponents.swift */ = {isa = PBXFileReference; lastKnownFileType = sourcecode.swift; path = HomeComponents.swift; sourceTree = "<group>"; };
		08CC3DA3288298A6002DDBCA /* ActionComponents.swift */ = {isa = PBXFileReference; lastKnownFileType = sourcecode.swift; path = ActionComponents.swift; sourceTree = "<group>"; };
		08CC3DA7288299B0002DDBCA /* LocationComponents.swift */ = {isa = PBXFileReference; lastKnownFileType = sourcecode.swift; path = LocationComponents.swift; sourceTree = "<group>"; };
		08CFA7EF2884FEB40042EB92 /* SettingsView.swift */ = {isa = PBXFileReference; lastKnownFileType = sourcecode.swift; path = SettingsView.swift; sourceTree = "<group>"; };
		08CFA7F12884FF790042EB92 /* LockView.swift */ = {isa = PBXFileReference; lastKnownFileType = sourcecode.swift; path = LockView.swift; sourceTree = "<group>"; };
/* End PBXFileReference section */

/* Begin PBXFrameworksBuildPhase section */
		08CC3D7D2882958A002DDBCA /* Frameworks */ = {
			isa = PBXFrameworksBuildPhase;
			buildActionMask = 2147483647;
			files = (
				08B71ADB288649D7008D120F /* Sliders in Frameworks */,
			);
			runOnlyForDeploymentPostprocessing = 0;
		};
/* End PBXFrameworksBuildPhase section */

/* Begin PBXGroup section */
		08CC3D772882958A002DDBCA = {
			isa = PBXGroup;
			children = (
				08CC3D822882958A002DDBCA /* TeslaApp */,
				08CC3D812882958A002DDBCA /* Products */,
			);
			sourceTree = "<group>";
		};
		08CC3D812882958A002DDBCA /* Products */ = {
			isa = PBXGroup;
			children = (
				08CC3D802882958A002DDBCA /* TeslaApp.app */,
			);
			name = Products;
			sourceTree = "<group>";
		};
		08CC3D822882958A002DDBCA /* TeslaApp */ = {
			isa = PBXGroup;
			children = (
				08CC3D94288296A8002DDBCA /* Others */,
				08CC3D932882969B002DDBCA /* Models */,
				08CC3D9228829694002DDBCA /* Components */,
				08CC3D912882968F002DDBCA /* Views */,
				08CC3D832882958A002DDBCA /* TeslaAppApp.swift */,
				08CC3D872882958C002DDBCA /* Assets.xcassets */,
				08CC3D892882958C002DDBCA /* Preview Content */,
			);
			path = TeslaApp;
			sourceTree = "<group>";
		};
		08CC3D892882958C002DDBCA /* Preview Content */ = {
			isa = PBXGroup;
			children = (
				08CC3D8A2882958C002DDBCA /* Preview Assets.xcassets */,
			);
			path = "Preview Content";
			sourceTree = "<group>";
		};
		08CC3D912882968F002DDBCA /* Views */ = {
			isa = PBXGroup;
			children = (
				08CC3D852882958A002DDBCA /* ContentView.swift */,
				08CC3D9B2882974D002DDBCA /* ControlsView.swift */,
				08CC3D9D28829758002DDBCA /* LocationView.swift */,
				08CFA7EF2884FEB40042EB92 /* SettingsView.swift */,
				08CFA7F12884FF790042EB92 /* LockView.swift */,
				0890996528855F29000C7960 /* ClimateView.swift */,
			);
			path = Views;
			sourceTree = "<group>";
		};
		08CC3D9228829694002DDBCA /* Components */ = {
			isa = PBXGroup;
			children = (
				08CC3DA1288297B3002DDBCA /* HomeComponents.swift */,
				08CC3DA3288298A6002DDBCA /* ActionComponents.swift */,
				08CC3DA7288299B0002DDBCA /* LocationComponents.swift */,
				08B71ADC288688DA008D120F /* ControlComponents.swift */,
			);
			path = Components;
			sourceTree = "<group>";
		};
		08CC3D932882969B002DDBCA /* Models */ = {
			isa = PBXGroup;
			children = (
				08CC3D992882970E002DDBCA /* ActionModel.swift */,
			);
			path = Models;
			sourceTree = "<group>";
		};
		08CC3D94288296A8002DDBCA /* Others */ = {
			isa = PBXGroup;
			children = (
				08CC3D95288296B5002DDBCA /* Extensions.swift */,
				08CC3D97288296C8002DDBCA /* Shapes.swift */,
				08CC3D9F28829782002DDBCA /* Blur.swift */,
				08B71AD32886422C008D120F /* Utils.swift */,
				08B71AD5288642B8008D120F /* CustomSlider.swift */,
			);
			path = Others;
			sourceTree = "<group>";
		};
/* End PBXGroup section */

/* Begin PBXNativeTarget section */
		08CC3D7F2882958A002DDBCA /* TeslaApp */ = {
			isa = PBXNativeTarget;
			buildConfigurationList = 08CC3D8E2882958C002DDBCA /* Build configuration list for PBXNativeTarget "TeslaApp" */;
			buildPhases = (
				08CC3D7C2882958A002DDBCA /* Sources */,
				08CC3D7D2882958A002DDBCA /* Frameworks */,
				08CC3D7E2882958A002DDBCA /* Resources */,
			);
			buildRules = (
			);
			dependencies = (
			);
			name = TeslaApp;
			packageProductDependencies = (
				08B71ADA288649D7008D120F /* Sliders */,
			);
			productName = TeslaApp;
			productReference = 08CC3D802882958A002DDBCA /* TeslaApp.app */;
			productType = "com.apple.product-type.application";
		};
/* End PBXNativeTarget section */

/* Begin PBXProject section */
		08CC3D782882958A002DDBCA /* Project object */ = {
			isa = PBXProject;
			attributes = {
				BuildIndependentTargetsInParallel = 1;
				LastSwiftUpdateCheck = 1340;
				LastUpgradeCheck = 1340;
				TargetAttributes = {
					08CC3D7F2882958A002DDBCA = {
						CreatedOnToolsVersion = 13.4.1;
					};
				};
			};
			buildConfigurationList = 08CC3D7B2882958A002DDBCA /* Build configuration list for PBXProject "TeslaApp" */;
			compatibilityVersion = "Xcode 13.0";
			developmentRegion = en;
			hasScannedForEncodings = 0;
			knownRegions = (
				en,
				Base,
			);
			mainGroup = 08CC3D772882958A002DDBCA;
			packageReferences = (
				08B71AD9288649D7008D120F /* XCRemoteSwiftPackageReference "swiftui-sliders" */,
			);
			productRefGroup = 08CC3D812882958A002DDBCA /* Products */;
			projectDirPath = "";
			projectRoot = "";
			targets = (
				08CC3D7F2882958A002DDBCA /* TeslaApp */,
			);
		};
/* End PBXProject section */

/* Begin PBXResourcesBuildPhase section */
		08CC3D7E2882958A002DDBCA /* Resources */ = {
			isa = PBXResourcesBuildPhase;
			buildActionMask = 2147483647;
			files = (
				08CC3D8B2882958C002DDBCA /* Preview Assets.xcassets in Resources */,
				08CC3D882882958C002DDBCA /* Assets.xcassets in Resources */,
			);
			runOnlyForDeploymentPostprocessing = 0;
		};
/* End PBXResourcesBuildPhase section */

/* Begin PBXSourcesBuildPhase section */
		08CC3D7C2882958A002DDBCA /* Sources */ = {
			isa = PBXSourcesBuildPhase;
			buildActionMask = 2147483647;
			files = (
				08CC3D9A2882970E002DDBCA /* ActionModel.swift in Sources */,
				08B71AD6288642B8008D120F /* CustomSlider.swift in Sources */,
				08CC3DA4288298A6002DDBCA /* ActionComponents.swift in Sources */,
				0890996628855F29000C7960 /* ClimateView.swift in Sources */,
				08CC3D862882958A002DDBCA /* ContentView.swift in Sources */,
				08B71ADD288688DA008D120F /* ControlComponents.swift in Sources */,
				08CC3DA028829783002DDBCA /* Blur.swift in Sources */,
				08CC3D96288296B5002DDBCA /* Extensions.swift in Sources */,
				08CC3DA2288297B3002DDBCA /* HomeComponents.swift in Sources */,
				08B71AD42886422C008D120F /* Utils.swift in Sources */,
				08CC3DA8288299B0002DDBCA /* LocationComponents.swift in Sources */,
				08CC3D842882958A002DDBCA /* TeslaAppApp.swift in Sources */,
				08CC3D9E28829758002DDBCA /* LocationView.swift in Sources */,
				08CFA7F22884FF790042EB92 /* LockView.swift in Sources */,
				08CC3D9C2882974D002DDBCA /* ControlsView.swift in Sources */,
				08CC3D98288296C8002DDBCA /* Shapes.swift in Sources */,
				08CFA7F02884FEB40042EB92 /* SettingsView.swift in Sources */,
			);
			runOnlyForDeploymentPostprocessing = 0;
		};
/* End PBXSourcesBuildPhase section */

/* Begin XCBuildConfiguration section */
		08CC3D8C2882958C002DDBCA /* Debug */ = {
			isa = XCBuildConfiguration;
			buildSettings = {
				ALWAYS_SEARCH_USER_PATHS = NO;
				CLANG_ANALYZER_NONNULL = YES;
				CLANG_ANALYZER_NUMBER_OBJECT_CONVERSION = YES_AGGRESSIVE;
				CLANG_CXX_LANGUAGE_STANDARD = "gnu++17";
				CLANG_ENABLE_MODULES = YES;
				CLANG_ENABLE_OBJC_ARC = YES;
				CLANG_ENABLE_OBJC_WEAK = YES;
				CLANG_WARN_BLOCK_CAPTURE_AUTORELEASING = YES;
				CLANG_WARN_BOOL_CONVERSION = YES;
				CLANG_WARN_COMMA = YES;
				CLANG_WARN_CONSTANT_CONVERSION = YES;
				CLANG_WARN_DEPRECATED_OBJC_IMPLEMENTATIONS = YES;
				CLANG_WARN_DIRECT_OBJC_ISA_USAGE = YES_ERROR;
				CLANG_WARN_DOCUMENTATION_COMMENTS = YES;
				CLANG_WARN_EMPTY_BODY = YES;
				CLANG_WARN_ENUM_CONVERSION = YES;
				CLANG_WARN_INFINITE_RECURSION = YES;
				CLANG_WARN_INT_CONVERSION = YES;
				CLANG_WARN_NON_LITERAL_NULL_CONVERSION = YES;
				CLANG_WARN_OBJC_IMPLICIT_RETAIN_SELF = YES;
				CLANG_WARN_OBJC_LITERAL_CONVERSION = YES;
				CLANG_WARN_OBJC_ROOT_CLASS = YES_ERROR;
				CLANG_WARN_QUOTED_INCLUDE_IN_FRAMEWORK_HEADER = YES;
				CLANG_WARN_RANGE_LOOP_ANALYSIS = YES;
				CLANG_WARN_STRICT_PROTOTYPES = YES;
				CLANG_WARN_SUSPICIOUS_MOVE = YES;
				CLANG_WARN_UNGUARDED_AVAILABILITY = YES_AGGRESSIVE;
				CLANG_WARN_UNREACHABLE_CODE = YES;
				CLANG_WARN__DUPLICATE_METHOD_MATCH = YES;
				COPY_PHASE_STRIP = NO;
				DEBUG_INFORMATION_FORMAT = dwarf;
				ENABLE_STRICT_OBJC_MSGSEND = YES;
				ENABLE_TESTABILITY = YES;
				GCC_C_LANGUAGE_STANDARD = gnu11;
				GCC_DYNAMIC_NO_PIC = NO;
				GCC_NO_COMMON_BLOCKS = YES;
				GCC_OPTIMIZATION_LEVEL = 0;
				GCC_PREPROCESSOR_DEFINITIONS = (
					"DEBUG=1",
					"$(inherited)",
				);
				GCC_WARN_64_TO_32_BIT_CONVERSION = YES;
				GCC_WARN_ABOUT_RETURN_TYPE = YES_ERROR;
				GCC_WARN_UNDECLARED_SELECTOR = YES;
				GCC_WARN_UNINITIALIZED_AUTOS = YES_AGGRESSIVE;
				GCC_WARN_UNUSED_FUNCTION = YES;
				GCC_WARN_UNUSED_VARIABLE = YES;
				IPHONEOS_DEPLOYMENT_TARGET = 15.5;
				MTL_ENABLE_DEBUG_INFO = INCLUDE_SOURCE;
				MTL_FAST_MATH = YES;
				ONLY_ACTIVE_ARCH = YES;
				SDKROOT = iphoneos;
				SWIFT_ACTIVE_COMPILATION_CONDITIONS = DEBUG;
				SWIFT_OPTIMIZATION_LEVEL = "-Onone";
			};
			name = Debug;
		};
		08CC3D8D2882958C002DDBCA /* Release */ = {
			isa = XCBuildConfiguration;
			buildSettings = {
				ALWAYS_SEARCH_USER_PATHS = NO;
				CLANG_ANALYZER_NONNULL = YES;
				CLANG_ANALYZER_NUMBER_OBJECT_CONVERSION = YES_AGGRESSIVE;
				CLANG_CXX_LANGUAGE_STANDARD = "gnu++17";
				CLANG_ENABLE_MODULES = YES;
				CLANG_ENABLE_OBJC_ARC = YES;
				CLANG_ENABLE_OBJC_WEAK = YES;
				CLANG_WARN_BLOCK_CAPTURE_AUTORELEASING = YES;
				CLANG_WARN_BOOL_CONVERSION = YES;
				CLANG_WARN_COMMA = YES;
				CLANG_WARN_CONSTANT_CONVERSION = YES;
				CLANG_WARN_DEPRECATED_OBJC_IMPLEMENTATIONS = YES;
				CLANG_WARN_DIRECT_OBJC_ISA_USAGE = YES_ERROR;
				CLANG_WARN_DOCUMENTATION_COMMENTS = YES;
				CLANG_WARN_EMPTY_BODY = YES;
				CLANG_WARN_ENUM_CONVERSION = YES;
				CLANG_WARN_INFINITE_RECURSION = YES;
				CLANG_WARN_INT_CONVERSION = YES;
				CLANG_WARN_NON_LITERAL_NULL_CONVERSION = YES;
				CLANG_WARN_OBJC_IMPLICIT_RETAIN_SELF = YES;
				CLANG_WARN_OBJC_LITERAL_CONVERSION = YES;
				CLANG_WARN_OBJC_ROOT_CLASS = YES_ERROR;
				CLANG_WARN_QUOTED_INCLUDE_IN_FRAMEWORK_HEADER = YES;
				CLANG_WARN_RANGE_LOOP_ANALYSIS = YES;
				CLANG_WARN_STRICT_PROTOTYPES = YES;
				CLANG_WARN_SUSPICIOUS_MOVE = YES;
				CLANG_WARN_UNGUARDED_AVAILABILITY = YES_AGGRESSIVE;
				CLANG_WARN_UNREACHABLE_CODE = YES;
				CLANG_WARN__DUPLICATE_METHOD_MATCH = YES;
				COPY_PHASE_STRIP = NO;
				DEBUG_INFORMATION_FORMAT = "dwarf-with-dsym";
				ENABLE_NS_ASSERTIONS = NO;
				ENABLE_STRICT_OBJC_MSGSEND = YES;
				GCC_C_LANGUAGE_STANDARD = gnu11;
				GCC_NO_COMMON_BLOCKS = YES;
				GCC_WARN_64_TO_32_BIT_CONVERSION = YES;
				GCC_WARN_ABOUT_RETURN_TYPE = YES_ERROR;
				GCC_WARN_UNDECLARED_SELECTOR = YES;
				GCC_WARN_UNINITIALIZED_AUTOS = YES_AGGRESSIVE;
				GCC_WARN_UNUSED_FUNCTION = YES;
				GCC_WARN_UNUSED_VARIABLE = YES;
				IPHONEOS_DEPLOYMENT_TARGET = 15.5;
				MTL_ENABLE_DEBUG_INFO = NO;
				MTL_FAST_MATH = YES;
				SDKROOT = iphoneos;
				SWIFT_COMPILATION_MODE = wholemodule;
				SWIFT_OPTIMIZATION_LEVEL = "-O";
				VALIDATE_PRODUCT = YES;
			};
			name = Release;
		};
		08CC3D8F2882958C002DDBCA /* Debug */ = {
			isa = XCBuildConfiguration;
			buildSettings = {
				ASSETCATALOG_COMPILER_APPICON_NAME = AppIcon;
				ASSETCATALOG_COMPILER_GLOBAL_ACCENT_COLOR_NAME = AccentColor;
				CODE_SIGN_STYLE = Automatic;
				CURRENT_PROJECT_VERSION = 1;
				DEVELOPMENT_ASSET_PATHS = "\"TeslaApp/Preview Content\"";
				ENABLE_PREVIEWS = YES;
				GENERATE_INFOPLIST_FILE = YES;
				INFOPLIST_KEY_NSLocationAlwaysAndWhenInUseUsageDescription = "Please allow app to use your location";
				INFOPLIST_KEY_NSLocationWhenInUseUsageDescription = "App uses your location";
				INFOPLIST_KEY_UIApplicationSceneManifest_Generation = YES;
				INFOPLIST_KEY_UIApplicationSupportsIndirectInputEvents = YES;
				INFOPLIST_KEY_UILaunchScreen_Generation = YES;
				INFOPLIST_KEY_UISupportedInterfaceOrientations_iPad = "UIInterfaceOrientationPortrait UIInterfaceOrientationPortraitUpsideDown UIInterfaceOrientationLandscapeLeft UIInterfaceOrientationLandscapeRight";
				INFOPLIST_KEY_UISupportedInterfaceOrientations_iPhone = "UIInterfaceOrientationPortrait UIInterfaceOrientationLandscapeLeft UIInterfaceOrientationLandscapeRight";
				LD_RUNPATH_SEARCH_PATHS = (
					"$(inherited)",
					"@executable_path/Frameworks",
				);
				MARKETING_VERSION = 1.0;
				PRODUCT_BUNDLE_IDENTIFIER = com.rk.TeslaApp;
				PRODUCT_NAME = "$(TARGET_NAME)";
				SWIFT_EMIT_LOC_STRINGS = YES;
				SWIFT_VERSION = 5.0;
				TARGETED_DEVICE_FAMILY = "1,2";
			};
			name = Debug;
		};
		08CC3D902882958C002DDBCA /* Release */ = {
			isa = XCBuildConfiguration;
			buildSettings = {
				ASSETCATALOG_COMPILER_APPICON_NAME = AppIcon;
				ASSETCATALOG_COMPILER_GLOBAL_ACCENT_COLOR_NAME = AccentColor;
				CODE_SIGN_STYLE = Automatic;
				CURRENT_PROJECT_VERSION = 1;
				DEVELOPMENT_ASSET_PATHS = "\"TeslaApp/Preview Content\"";
				ENABLE_PREVIEWS = YES;
				GENERATE_INFOPLIST_FILE = YES;
				INFOPLIST_KEY_NSLocationAlwaysAndWhenInUseUsageDescription = "Please allow app to use your location";
				INFOPLIST_KEY_NSLocationWhenInUseUsageDescription = "App uses your location";
				INFOPLIST_KEY_UIApplicationSceneManifest_Generation = YES;
				INFOPLIST_KEY_UIApplicationSupportsIndirectInputEvents = YES;
				INFOPLIST_KEY_UILaunchScreen_Generation = YES;
				INFOPLIST_KEY_UISupportedInterfaceOrientations_iPad = "UIInterfaceOrientationPortrait UIInterfaceOrientationPortraitUpsideDown UIInterfaceOrientationLandscapeLeft UIInterfaceOrientationLandscapeRight";
				INFOPLIST_KEY_UISupportedInterfaceOrientations_iPhone = "UIInterfaceOrientationPortrait UIInterfaceOrientationLandscapeLeft UIInterfaceOrientationLandscapeRight";
				LD_RUNPATH_SEARCH_PATHS = (
					"$(inherited)",
					"@executable_path/Frameworks",
				);
				MARKETING_VERSION = 1.0;
				PRODUCT_BUNDLE_IDENTIFIER = com.rk.TeslaApp;
				PRODUCT_NAME = "$(TARGET_NAME)";
				SWIFT_EMIT_LOC_STRINGS = YES;
				SWIFT_VERSION = 5.0;
				TARGETED_DEVICE_FAMILY = "1,2";
			};
			name = Release;
		};
/* End XCBuildConfiguration section */

/* Begin XCConfigurationList section */
		08CC3D7B2882958A002DDBCA /* Build configuration list for PBXProject "TeslaApp" */ = {
			isa = XCConfigurationList;
			buildConfigurations = (
				08CC3D8C2882958C002DDBCA /* Debug */,
				08CC3D8D2882958C002DDBCA /* Release */,
			);
			defaultConfigurationIsVisible = 0;
			defaultConfigurationName = Release;
		};
		08CC3D8E2882958C002DDBCA /* Build configuration list for PBXNativeTarget "TeslaApp" */ = {
			isa = XCConfigurationList;
			buildConfigurations = (
				08CC3D8F2882958C002DDBCA /* Debug */,
				08CC3D902882958C002DDBCA /* Release */,
			);
			defaultConfigurationIsVisible = 0;
			defaultConfigurationName = Release;
		};
/* End XCConfigurationList section */

/* Begin XCRemoteSwiftPackageReference section */
		08B71AD9288649D7008D120F /* XCRemoteSwiftPackageReference "swiftui-sliders" */ = {
			isa = XCRemoteSwiftPackageReference;
			repositoryURL = "git@github.com:spacenation/swiftui-sliders.git";
			requirement = {
				kind = upToNextMajorVersion;
				minimumVersion = 2.0.0;
			};
		};
/* End XCRemoteSwiftPackageReference section */

/* Begin XCSwiftPackageProductDependency section */
		08B71ADA288649D7008D120F /* Sliders */ = {
			isa = XCSwiftPackageProductDependency;
			package = 08B71AD9288649D7008D120F /* XCRemoteSwiftPackageReference "swiftui-sliders" */;
			productName = Sliders;
		};
/* End XCSwiftPackageProductDependency section */
	};
	rootObject = 08CC3D782882958A002DDBCA /* Project object */;
}
